{
    "name": "whmcs-git",
    "lockfileVersion": 3,
    "requires": true,
    "packages": {
        "": {
            "dependencies": {
                "@casl/ability": "^5.4.3",
                "@casl/vue": "^2.1.2",
                "js-cookie": "^3.0.1",
                "laravel-vue-pagination": "^3.0.0",
                "pinia": "^2.1.4",
                "vee-validate": "^4.6.10",
                "vue-i18n": "^9.2.2",
                "vue-router": "^4.1.5",
                "vue-select": "^4.0.0-beta.5",
                "vue-sweetalert2": "^5.0.5",
                "vue-toast-notification": "^3.1.1",
                "vuex": "^4.0.2",
                "vuex-persistedstate": "^4.1.0"
            },
            "devDependencies": {
                "@popperjs/core": "^2.10.2",
                "@vitejs/plugin-vue": "^4.0.0",
                "axios": "^1.2.1",
                "bootstrap": "^5.0.2",
                "laravel-vite-plugin": "^0.7.1",
                "lodash": "^4.17.19",
                "postcss": "^8.1.14",
                "sass": "^1.32.11",
                "vite": "^4.0.0",
                "vue": "^3.2.37"
            }
        },
        "node_modules/@babel/parser": {
            "version": "7.22.7",
            "resolved": "https://registry.npmjs.org/@babel/parser/-/parser-7.22.7.tgz",
            "integrity": "sha512-7NF8pOkHP5o2vpmGgNGcfAeCvOYhGLyA3Z4eBQkT1RJlWu47n63bCs93QfJ2hIAFCil7L5P2IWhs1oToVgrL0Q==",
            "license": "MIT",
            "bin": {
                "parser": "bin/babel-parser.js"
            },
            "engines": {
                "node": ">=6.0.0"
            }
        },
        "node_modules/@casl/ability": {
            "version": "5.4.4",
            "resolved": "https://registry.npmjs.org/@casl/ability/-/ability-5.4.4.tgz",
            "integrity": "sha512-7+GOnMUq6q4fqtDDesymBXTS9LSDVezYhFiSJ8Rn3f0aQLeRm7qHn66KWbej4niCOvm0XzNj9jzpkK0yz6hUww==",
            "license": "MIT",
            "dependencies": {
                "@ucast/mongo2js": "^1.3.0"
            },
            "funding": {
                "url": "https://github.com/stalniy/casl/blob/master/BACKERS.md"
            }
        },
        "node_modules/@casl/vue": {
            "version": "2.2.1",
            "resolved": "https://registry.npmjs.org/@casl/vue/-/vue-2.2.1.tgz",
            "integrity": "sha512-1OeGhT4A7VBkEACacF2ZlHkPiFJvyFy9h2PhBnMoetFDojMHbrn3ZjKgL5zQ4wSIrTQo9KbbzG3f0uAei2GKCQ==",
            "license": "MIT",
            "peerDependencies": {
                "@casl/ability": "^2.0.0 || ^3.0.0 || ^4.0.0 || ^5.1.0 || ^6.0.0",
                "vue": "^3.0.0"
            }
        },
        "node_modules/@esbuild/win32-x64": {
            "version": "0.18.11",
            "resolved": "https://registry.npmjs.org/@esbuild/win32-x64/-/win32-x64-0.18.11.tgz",
            "integrity": "sha512-rQI4cjLHd2hGsM1LqgDI7oOCYbQ6IBOVsX9ejuRMSze0GqXUG2ekwiKkiBU1pRGSeCqFFHxTrcEydB2Hyoz9CA==",
            "cpu": [
                "x64"
            ],
            "dev": true,
            "license": "MIT",
            "optional": true,
            "os": [
                "win32"
            ],
            "engines": {
                "node": ">=12"
            }
        },
        "node_modules/@intlify/core-base": {
            "version": "9.2.2",
            "resolved": "https://registry.npmjs.org/@intlify/core-base/-/core-base-9.2.2.tgz",
            "integrity": "sha512-JjUpQtNfn+joMbrXvpR4hTF8iJQ2sEFzzK3KIESOx+f+uwIjgw20igOyaIdhfsVVBCds8ZM64MoeNSx+PHQMkA==",
            "license": "MIT",
            "dependencies": {
                "@intlify/devtools-if": "9.2.2",
                "@intlify/message-compiler": "9.2.2",
                "@intlify/shared": "9.2.2",
                "@intlify/vue-devtools": "9.2.2"
            },
            "engines": {
                "node": ">= 14"
            }
        },
        "node_modules/@intlify/devtools-if": {
            "version": "9.2.2",
            "resolved": "https://registry.npmjs.org/@intlify/devtools-if/-/devtools-if-9.2.2.tgz",
            "integrity": "sha512-4ttr/FNO29w+kBbU7HZ/U0Lzuh2cRDhP8UlWOtV9ERcjHzuyXVZmjyleESK6eVP60tGC9QtQW9yZE+JeRhDHkg==",
            "license": "MIT",
            "dependencies": {
                "@intlify/shared": "9.2.2"
            },
            "engines": {
                "node": ">= 14"
            }
        },
        "node_modules/@intlify/message-compiler": {
            "version": "9.2.2",
            "resolved": "https://registry.npmjs.org/@intlify/message-compiler/-/message-compiler-9.2.2.tgz",
            "integrity": "sha512-IUrQW7byAKN2fMBe8z6sK6riG1pue95e5jfokn8hA5Q3Bqy4MBJ5lJAofUsawQJYHeoPJ7svMDyBaVJ4d0GTtA==",
            "license": "MIT",
            "dependencies": {
                "@intlify/shared": "9.2.2",
                "source-map": "0.6.1"
            },
            "engines": {
                "node": ">= 14"
            }
        },
        "node_modules/@intlify/shared": {
            "version": "9.2.2",
            "resolved": "https://registry.npmjs.org/@intlify/shared/-/shared-9.2.2.tgz",
            "integrity": "sha512-wRwTpsslgZS5HNyM7uDQYZtxnbI12aGiBZURX3BTR9RFIKKRWpllTsgzHWvj3HKm3Y2Sh5LPC1r0PDCKEhVn9Q==",
            "license": "MIT",
            "engines": {
                "node": ">= 14"
            }
        },
        "node_modules/@intlify/vue-devtools": {
            "version": "9.2.2",
            "resolved": "https://registry.npmjs.org/@intlify/vue-devtools/-/vue-devtools-9.2.2.tgz",
            "integrity": "sha512-+dUyqyCHWHb/UcvY1MlIpO87munedm3Gn6E9WWYdWrMuYLcoIoOEVDWSS8xSwtlPU+kA+MEQTP6Q1iI/ocusJg==",
            "license": "MIT",
            "dependencies": {
                "@intlify/core-base": "9.2.2",
                "@intlify/shared": "9.2.2"
            },
            "engines": {
                "node": ">= 14"
            }
        },
        "node_modules/@jridgewell/sourcemap-codec": {
            "version": "1.4.15",
            "resolved": "https://registry.npmjs.org/@jridgewell/sourcemap-codec/-/sourcemap-codec-1.4.15.tgz",
            "integrity": "sha512-eF2rxCRulEKXHTRiDrDy6erMYWqNw4LPdQ8UQA4huuxaQsVeRPFl2oM8oDGxMFhJUWZf9McpLtJasDDZb/Bpeg==",
            "license": "MIT"
        },
        "node_modules/@popperjs/core": {
            "version": "2.11.8",
            "resolved": "https://registry.npmjs.org/@popperjs/core/-/core-2.11.8.tgz",
            "integrity": "sha512-P1st0aksCrn9sGZhp8GMYwBnQsbvAWsZAX44oXNNvLHGqAOcoVxmjZiohstwQ7SqKnbR47akdNi+uleWD8+g6A==",
            "dev": true,
            "license": "MIT",
            "funding": {
                "type": "opencollective",
                "url": "https://opencollective.com/popperjs"
            }
        },
        "node_modules/@ucast/core": {
            "version": "1.10.2",
            "resolved": "https://registry.npmjs.org/@ucast/core/-/core-1.10.2.tgz",
            "integrity": "sha512-ons5CwXZ/51wrUPfoduC+cO7AS1/wRb0ybpQJ9RrssossDxVy4t49QxWoWgfBDvVKsz9VXzBk9z0wqTdZ+Cq8g==",
            "license": "Apache-2.0"
        },
        "node_modules/@ucast/js": {
            "version": "3.0.3",
            "resolved": "https://registry.npmjs.org/@ucast/js/-/js-3.0.3.tgz",
            "integrity": "sha512-jBBqt57T5WagkAjqfCIIE5UYVdaXYgGkOFYv2+kjq2AVpZ2RIbwCo/TujJpDlwTVluUI+WpnRpoGU2tSGlEvFQ==",
            "license": "Apache-2.0",
            "dependencies": {
                "@ucast/core": "^1.0.0"
            }
        },
        "node_modules/@ucast/mongo": {
            "version": "2.4.3",
            "resolved": "https://registry.npmjs.org/@ucast/mongo/-/mongo-2.4.3.tgz",
            "integrity": "sha512-XcI8LclrHWP83H+7H2anGCEeDq0n+12FU2mXCTz6/Tva9/9ddK/iacvvhCyW6cijAAOILmt0tWplRyRhVyZLsA==",
            "license": "Apache-2.0",
            "dependencies": {
                "@ucast/core": "^1.4.1"
            }
        },
        "node_modules/@ucast/mongo2js": {
            "version": "1.3.4",
            "resolved": "https://registry.npmjs.org/@ucast/mongo2js/-/mongo2js-1.3.4.tgz",
            "integrity": "sha512-ahazOr1HtelA5AC1KZ9x0UwPMqqimvfmtSm/PRRSeKKeE5G2SCqTgwiNzO7i9jS8zA3dzXpKVPpXMkcYLnyItA==",
            "license": "Apache-2.0",
            "dependencies": {
                "@ucast/core": "^1.6.1",
                "@ucast/js": "^3.0.0",
                "@ucast/mongo": "^2.4.0"
            }
        },
        "node_modules/@vitejs/plugin-vue": {
            "version": "4.2.3",
            "resolved": "https://registry.npmjs.org/@vitejs/plugin-vue/-/plugin-vue-4.2.3.tgz",
            "integrity": "sha512-R6JDUfiZbJA9cMiguQ7jxALsgiprjBeHL5ikpXfJCH62pPHtI+JdJ5xWj6Ev73yXSlYl86+blXn1kZHQ7uElxw==",
            "dev": true,
            "license": "MIT",
            "engines": {
                "node": "^14.18.0 || >=16.0.0"
            },
            "peerDependencies": {
                "vite": "^4.0.0",
                "vue": "^3.2.25"
            }
        },
        "node_modules/@vue/compiler-core": {
            "version": "3.3.4",
            "resolved": "https://registry.npmjs.org/@vue/compiler-core/-/compiler-core-3.3.4.tgz",
            "integrity": "sha512-cquyDNvZ6jTbf/+x+AgM2Arrp6G4Dzbb0R64jiG804HRMfRiFXWI6kqUVqZ6ZR0bQhIoQjB4+2bhNtVwndW15g==",
            "license": "MIT",
            "dependencies": {
                "@babel/parser": "^7.21.3",
                "@vue/shared": "3.3.4",
                "estree-walker": "^2.0.2",
                "source-map-js": "^1.0.2"
            }
        },
        "node_modules/@vue/compiler-dom": {
            "version": "3.3.4",
            "resolved": "https://registry.npmjs.org/@vue/compiler-dom/-/compiler-dom-3.3.4.tgz",
            "integrity": "sha512-wyM+OjOVpuUukIq6p5+nwHYtj9cFroz9cwkfmP9O1nzH68BenTTv0u7/ndggT8cIQlnBeOo6sUT/gvHcIkLA5w==",
            "license": "MIT",
            "dependencies": {
                "@vue/compiler-core": "3.3.4",
                "@vue/shared": "3.3.4"
            }
        },
        "node_modules/@vue/compiler-sfc": {
            "version": "3.3.4",
            "resolved": "https://registry.npmjs.org/@vue/compiler-sfc/-/compiler-sfc-3.3.4.tgz",
            "integrity": "sha512-6y/d8uw+5TkCuzBkgLS0v3lSM3hJDntFEiUORM11pQ/hKvkhSKZrXW6i69UyXlJQisJxuUEJKAWEqWbWsLeNKQ==",
            "license": "MIT",
            "dependencies": {
                "@babel/parser": "^7.20.15",
                "@vue/compiler-core": "3.3.4",
                "@vue/compiler-dom": "3.3.4",
                "@vue/compiler-ssr": "3.3.4",
                "@vue/reactivity-transform": "3.3.4",
                "@vue/shared": "3.3.4",
                "estree-walker": "^2.0.2",
                "magic-string": "^0.30.0",
                "postcss": "^8.1.10",
                "source-map-js": "^1.0.2"
            }
        },
        "node_modules/@vue/compiler-ssr": {
            "version": "3.3.4",
            "resolved": "https://registry.npmjs.org/@vue/compiler-ssr/-/compiler-ssr-3.3.4.tgz",
            "integrity": "sha512-m0v6oKpup2nMSehwA6Uuu+j+wEwcy7QmwMkVNVfrV9P2qE5KshC6RwOCq8fjGS/Eak/uNb8AaWekfiXxbBB6gQ==",
            "license": "MIT",
            "dependencies": {
                "@vue/compiler-dom": "3.3.4",
                "@vue/shared": "3.3.4"
            }
        },
        "node_modules/@vue/devtools-api": {
            "version": "6.5.0",
            "resolved": "https://registry.npmjs.org/@vue/devtools-api/-/devtools-api-6.5.0.tgz",
            "integrity": "sha512-o9KfBeaBmCKl10usN4crU53fYtC1r7jJwdGKjPT24t348rHxgfpZ0xL3Xm/gLUYnc0oTp8LAmrxOeLyu6tbk2Q==",
            "license": "MIT"
        },
        "node_modules/@vue/reactivity": {
            "version": "3.3.4",
            "resolved": "https://registry.npmjs.org/@vue/reactivity/-/reactivity-3.3.4.tgz",
            "integrity": "sha512-kLTDLwd0B1jG08NBF3R5rqULtv/f8x3rOFByTDz4J53ttIQEDmALqKqXY0J+XQeN0aV2FBxY8nJDf88yvOPAqQ==",
            "license": "MIT",
            "dependencies": {
                "@vue/shared": "3.3.4"
            }
        },
        "node_modules/@vue/reactivity-transform": {
            "version": "3.3.4",
            "resolved": "https://registry.npmjs.org/@vue/reactivity-transform/-/reactivity-transform-3.3.4.tgz",
            "integrity": "sha512-MXgwjako4nu5WFLAjpBnCj/ieqcjE2aJBINUNQzkZQfzIZA4xn+0fV1tIYBJvvva3N3OvKGofRLvQIwEQPpaXw==",
            "license": "MIT",
            "dependencies": {
                "@babel/parser": "^7.20.15",
                "@vue/compiler-core": "3.3.4",
                "@vue/shared": "3.3.4",
                "estree-walker": "^2.0.2",
                "magic-string": "^0.30.0"
            }
        },
        "node_modules/@vue/runtime-core": {
            "version": "3.3.4",
            "resolved": "https://registry.npmjs.org/@vue/runtime-core/-/runtime-core-3.3.4.tgz",
            "integrity": "sha512-R+bqxMN6pWO7zGI4OMlmvePOdP2c93GsHFM/siJI7O2nxFRzj55pLwkpCedEY+bTMgp5miZ8CxfIZo3S+gFqvA==",
            "license": "MIT",
            "dependencies": {
                "@vue/reactivity": "3.3.4",
                "@vue/shared": "3.3.4"
            }
        },
        "node_modules/@vue/runtime-dom": {
            "version": "3.3.4",
            "resolved": "https://registry.npmjs.org/@vue/runtime-dom/-/runtime-dom-3.3.4.tgz",
            "integrity": "sha512-Aj5bTJ3u5sFsUckRghsNjVTtxZQ1OyMWCr5dZRAPijF/0Vy4xEoRCwLyHXcj4D0UFbJ4lbx3gPTgg06K/GnPnQ==",
            "license": "MIT",
            "dependencies": {
                "@vue/runtime-core": "3.3.4",
                "@vue/shared": "3.3.4",
                "csstype": "^3.1.1"
            }
        },
        "node_modules/@vue/server-renderer": {
            "version": "3.3.4",
            "resolved": "https://registry.npmjs.org/@vue/server-renderer/-/server-renderer-3.3.4.tgz",
            "integrity": "sha512-Q6jDDzR23ViIb67v+vM1Dqntu+HUexQcsWKhhQa4ARVzxOY2HbC7QRW/ggkDBd5BU+uM1sV6XOAP0b216o34JQ==",
            "license": "MIT",
            "dependencies": {
                "@vue/compiler-ssr": "3.3.4",
                "@vue/shared": "3.3.4"
            },
            "peerDependencies": {
                "vue": "3.3.4"
            }
        },
        "node_modules/@vue/shared": {
            "version": "3.3.4",
            "resolved": "https://registry.npmjs.org/@vue/shared/-/shared-3.3.4.tgz",
            "integrity": "sha512-7OjdcV8vQ74eiz1TZLzZP4JwqM5fA94K6yntPS5Z25r9HDuGNzaGdgvwKYq6S+MxwF0TFRwe50fIR/MYnakdkQ==",
            "license": "MIT"
        },
        "node_modules/anymatch": {
            "version": "3.1.3",
            "resolved": "https://registry.npmjs.org/anymatch/-/anymatch-3.1.3.tgz",
            "integrity": "sha512-KMReFUr0B4t+D+OBkjR3KYqvocp2XaSzO55UcB6mgQMd3KbcE+mWTyvVV7D/zsdEbNnV6acZUutkiHQXvTr1Rw==",
            "dev": true,
            "license": "ISC",
            "dependencies": {
                "normalize-path": "^3.0.0",
                "picomatch": "^2.0.4"
            },
            "engines": {
                "node": ">= 8"
            }
        },
        "node_modules/asynckit": {
            "version": "0.4.0",
            "resolved": "https://registry.npmjs.org/asynckit/-/asynckit-0.4.0.tgz",
            "integrity": "sha512-Oei9OH4tRh0YqU3GxhX79dM/mwVgvbZJaSNaRk+bshkj0S5cfHcgYakreBjrHwatXKbz+IoIdYLxrKim2MjW0Q==",
            "dev": true,
            "license": "MIT"
        },
        "node_modules/axios": {
            "version": "1.4.0",
            "resolved": "https://registry.npmjs.org/axios/-/axios-1.4.0.tgz",
            "integrity": "sha512-S4XCWMEmzvo64T9GfvQDOXgYRDJ/wsSZc7Jvdgx5u1sd0JwsuPLqb3SYmusag+edF6ziyMensPVqLTSc1PiSEA==",
            "dev": true,
            "license": "MIT",
            "dependencies": {
                "follow-redirects": "^1.15.0",
                "form-data": "^4.0.0",
                "proxy-from-env": "^1.1.0"
            }
        },
        "node_modules/binary-extensions": {
            "version": "2.2.0",
            "resolved": "https://registry.npmjs.org/binary-extensions/-/binary-extensions-2.2.0.tgz",
            "integrity": "sha512-jDctJ/IVQbZoJykoeHbhXpOlNBqGNcwXJKJog42E5HDPUwQTSdjCHdihjj0DlnheQ7blbT6dHOafNAiS8ooQKA==",
            "dev": true,
            "license": "MIT",
            "engines": {
                "node": ">=8"
            }
        },
        "node_modules/bootstrap": {
            "version": "5.0.2",
            "resolved": "https://registry.npmjs.org/bootstrap/-/bootstrap-5.0.2.tgz",
            "integrity": "sha512-1Ge963tyEQWJJ+8qtXFU6wgmAVj9gweEjibUdbmcCEYsn38tVwRk8107rk2vzt6cfQcRr3SlZ8aQBqaD8aqf+Q==",
            "dev": true,
            "funding": {
                "type": "opencollective",
                "url": "https://opencollective.com/bootstrap"
            },
            "peerDependencies": {
                "@popperjs/core": "^2.9.2"
            }
        },
        "node_modules/braces": {
            "version": "3.0.2",
            "resolved": "https://registry.npmjs.org/braces/-/braces-3.0.2.tgz",
            "integrity": "sha512-b8um+L1RzM3WDSzvhm6gIz1yfTbBt6YTlcEKAvsmqCZZFw46z626lVj9j1yEPW33H5H+lBQpZMP1k8l+78Ha0A==",
            "dev": true,
            "license": "MIT",
            "dependencies": {
                "fill-range": "^7.0.1"
            },
            "engines": {
                "node": ">=8"
            }
        },
        "node_modules/chokidar": {
            "version": "3.5.3",
            "resolved": "https://registry.npmjs.org/chokidar/-/chokidar-3.5.3.tgz",
            "integrity": "sha512-Dr3sfKRP6oTcjf2JmUmFJfeVMvXBdegxB0iVQ5eb2V10uFJUCAS8OByZdVAyVb8xXNz3GjjTgj9kLWsZTqE6kw==",
            "dev": true,
            "funding": [
                {
                    "type": "individual",
                    "url": "https://paulmillr.com/funding/"
                }
            ],
            "license": "MIT",
            "dependencies": {
                "anymatch": "~3.1.2",
                "braces": "~3.0.2",
                "glob-parent": "~5.1.2",
                "is-binary-path": "~2.1.0",
                "is-glob": "~4.0.1",
                "normalize-path": "~3.0.0",
                "readdirp": "~3.6.0"
            },
            "engines": {
                "node": ">= 8.10.0"
            },
            "optionalDependencies": {
                "fsevents": "~2.3.2"
            }
        },
        "node_modules/combined-stream": {
            "version": "1.0.8",
            "resolved": "https://registry.npmjs.org/combined-stream/-/combined-stream-1.0.8.tgz",
            "integrity": "sha512-FQN4MRfuJeHf7cBbBMJFXhKSDq+2kAArBlmRBvcvFE5BB1HZKXtSFASDhdlz9zOYwxh8lDdnvmMOe/+5cdoEdg==",
            "dev": true,
            "license": "MIT",
            "dependencies": {
                "delayed-stream": "~1.0.0"
            },
            "engines": {
                "node": ">= 0.8"
            }
        },
        "node_modules/csstype": {
            "version": "3.1.2",
            "resolved": "https://registry.npmjs.org/csstype/-/csstype-3.1.2.tgz",
            "integrity": "sha512-I7K1Uu0MBPzaFKg4nI5Q7Vs2t+3gWWW648spaF+Rg7pI9ds18Ugn+lvg4SHczUdKlHI5LWBXyqfS8+DufyBsgQ==",
            "license": "MIT"
        },
        "node_modules/deepmerge": {
            "version": "4.3.1",
            "resolved": "https://registry.npmjs.org/deepmerge/-/deepmerge-4.3.1.tgz",
            "integrity": "sha512-3sUqbMEc77XqpdNO7FRyRog+eW3ph+GYCbj+rK+uYyRMuwsVy0rMiVtPn+QJlKFvWP/1PYpapqYn0Me2knFn+A==",
            "license": "MIT",
            "engines": {
                "node": ">=0.10.0"
            }
        },
        "node_modules/delayed-stream": {
            "version": "1.0.0",
            "resolved": "https://registry.npmjs.org/delayed-stream/-/delayed-stream-1.0.0.tgz",
            "integrity": "sha512-ZySD7Nf91aLB0RxL4KGrKHBXl7Eds1DAmEdcoVawXnLD7SDhpNgtuII2aAkg7a7QS41jxPSZ17p4VdGnMHk3MQ==",
            "dev": true,
            "license": "MIT",
            "engines": {
                "node": ">=0.4.0"
            }
        },
        "node_modules/esbuild": {
            "version": "0.18.11",
            "resolved": "https://registry.npmjs.org/esbuild/-/esbuild-0.18.11.tgz",
            "integrity": "sha512-i8u6mQF0JKJUlGR3OdFLKldJQMMs8OqM9Cc3UCi9XXziJ9WERM5bfkHaEAy0YAvPRMgqSW55W7xYn84XtEFTtA==",
            "dev": true,
            "hasInstallScript": true,
            "license": "MIT",
            "bin": {
                "esbuild": "bin/esbuild"
            },
            "engines": {
                "node": ">=12"
            },
            "optionalDependencies": {
                "@esbuild/android-arm": "0.18.11",
                "@esbuild/android-arm64": "0.18.11",
                "@esbuild/android-x64": "0.18.11",
                "@esbuild/darwin-arm64": "0.18.11",
                "@esbuild/darwin-x64": "0.18.11",
                "@esbuild/freebsd-arm64": "0.18.11",
                "@esbuild/freebsd-x64": "0.18.11",
                "@esbuild/linux-arm": "0.18.11",
                "@esbuild/linux-arm64": "0.18.11",
                "@esbuild/linux-ia32": "0.18.11",
                "@esbuild/linux-loong64": "0.18.11",
                "@esbuild/linux-mips64el": "0.18.11",
                "@esbuild/linux-ppc64": "0.18.11",
                "@esbuild/linux-riscv64": "0.18.11",
                "@esbuild/linux-s390x": "0.18.11",
                "@esbuild/linux-x64": "0.18.11",
                "@esbuild/netbsd-x64": "0.18.11",
                "@esbuild/openbsd-x64": "0.18.11",
                "@esbuild/sunos-x64": "0.18.11",
                "@esbuild/win32-arm64": "0.18.11",
                "@esbuild/win32-ia32": "0.18.11",
                "@esbuild/win32-x64": "0.18.11"
            }
        },
        "node_modules/estree-walker": {
            "version": "2.0.2",
            "resolved": "https://registry.npmjs.org/estree-walker/-/estree-walker-2.0.2.tgz",
            "integrity": "sha512-Rfkk/Mp/DL7JVje3u18FxFujQlTNR2q6QfMSMB7AvCBx91NGj/ba3kCfza0f6dVDbw7YlRf/nDrn7pQrCCyQ/w==",
            "license": "MIT"
        },
        "node_modules/fill-range": {
            "version": "7.0.1",
            "resolved": "https://registry.npmjs.org/fill-range/-/fill-range-7.0.1.tgz",
            "integrity": "sha512-qOo9F+dMUmC2Lcb4BbVvnKJxTPjCm+RRpe4gDuGrzkL7mEVl/djYSu2OdQ2Pa302N4oqkSg9ir6jaLWJ2USVpQ==",
            "dev": true,
            "license": "MIT",
            "dependencies": {
                "to-regex-range": "^5.0.1"
            },
            "engines": {
                "node": ">=8"
            }
        },
        "node_modules/follow-redirects": {
            "version": "1.15.2",
            "resolved": "https://registry.npmjs.org/follow-redirects/-/follow-redirects-1.15.2.tgz",
            "integrity": "sha512-VQLG33o04KaQ8uYi2tVNbdrWp1QWxNNea+nmIB4EVM28v0hmP17z7aG1+wAkNzVq4KeXTq3221ye5qTJP91JwA==",
            "dev": true,
            "funding": [
                {
                    "type": "individual",
                    "url": "https://github.com/sponsors/RubenVerborgh"
                }
            ],
            "license": "MIT",
            "engines": {
                "node": ">=4.0"
            },
            "peerDependenciesMeta": {
                "debug": {
                    "optional": true
                }
            }
        },
        "node_modules/form-data": {
            "version": "4.0.0",
            "resolved": "https://registry.npmjs.org/form-data/-/form-data-4.0.0.tgz",
            "integrity": "sha512-ETEklSGi5t0QMZuiXoA/Q6vcnxcLQP5vdugSpuAyi6SVGi2clPPp+xgEhuMaHC+zGgn31Kd235W35f7Hykkaww==",
            "dev": true,
            "license": "MIT",
            "dependencies": {
                "asynckit": "^0.4.0",
                "combined-stream": "^1.0.8",
                "mime-types": "^2.1.12"
            },
            "engines": {
                "node": ">= 6"
            }
        },
        "node_modules/glob-parent": {
            "version": "5.1.2",
            "resolved": "https://registry.npmjs.org/glob-parent/-/glob-parent-5.1.2.tgz",
            "integrity": "sha512-AOIgSQCepiJYwP3ARnGx+5VnTu2HBYdzbGP45eLw1vr3zB3vZLeyed1sC9hnbcOc9/SrMyM5RPQrkGz4aS9Zow==",
            "dev": true,
            "license": "ISC",
            "dependencies": {
                "is-glob": "^4.0.1"
            },
            "engines": {
                "node": ">= 6"
            }
        },
        "node_modules/immutable": {
            "version": "4.3.0",
            "resolved": "https://registry.npmjs.org/immutable/-/immutable-4.3.0.tgz",
            "integrity": "sha512-0AOCmOip+xgJwEVTQj1EfiDDOkPmuyllDuTuEX+DDXUgapLAsBIfkg3sxCYyCEA8mQqZrrxPUGjcOQ2JS3WLkg==",
            "dev": true,
            "license": "MIT"
        },
        "node_modules/is-binary-path": {
            "version": "2.1.0",
            "resolved": "https://registry.npmjs.org/is-binary-path/-/is-binary-path-2.1.0.tgz",
            "integrity": "sha512-ZMERYes6pDydyuGidse7OsHxtbI7WVeUEozgR/g7rd0xUimYNlvZRE/K2MgZTjWy725IfelLeVcEM97mmtRGXw==",
            "dev": true,
            "license": "MIT",
            "dependencies": {
                "binary-extensions": "^2.0.0"
            },
            "engines": {
                "node": ">=8"
            }
        },
        "node_modules/is-extglob": {
            "version": "2.1.1",
            "resolved": "https://registry.npmjs.org/is-extglob/-/is-extglob-2.1.1.tgz",
            "integrity": "sha512-SbKbANkN603Vi4jEZv49LeVJMn4yGwsbzZworEoyEiutsN3nJYdbO36zfhGJ6QEDpOZIFkDtnq5JRxmvl3jsoQ==",
            "dev": true,
            "license": "MIT",
            "engines": {
                "node": ">=0.10.0"
            }
        },
        "node_modules/is-glob": {
            "version": "4.0.3",
            "resolved": "https://registry.npmjs.org/is-glob/-/is-glob-4.0.3.tgz",
            "integrity": "sha512-xelSayHH36ZgE7ZWhli7pW34hNbNl8Ojv5KVmkJD4hBdD3th8Tfk9vYasLM+mXWOZhFkgZfxhLSnrwRr4elSSg==",
            "dev": true,
            "license": "MIT",
            "dependencies": {
                "is-extglob": "^2.1.1"
            },
            "engines": {
                "node": ">=0.10.0"
            }
        },
        "node_modules/is-number": {
            "version": "7.0.0",
            "resolved": "https://registry.npmjs.org/is-number/-/is-number-7.0.0.tgz",
            "integrity": "sha512-41Cifkg6e8TylSpdtTpeLVMqvSBEVzTttHvERD741+pnZ8ANv0004MRL43QKPDlK9cGvNp6NZWZUBlbGXYxxng==",
            "dev": true,
            "license": "MIT",
            "engines": {
                "node": ">=0.12.0"
            }
        },
        "node_modules/js-cookie": {
            "version": "3.0.5",
            "resolved": "https://registry.npmjs.org/js-cookie/-/js-cookie-3.0.5.tgz",
            "integrity": "sha512-cEiJEAEoIbWfCZYKWhVwFuvPX1gETRYPw6LlaTKoxD3s2AkXzkCjnp6h0V77ozyqj0jakteJ4YqDJT830+lVGw==",
            "license": "MIT",
            "engines": {
                "node": ">=14"
            }
        },
        "node_modules/laravel-vite-plugin": {
            "version": "0.7.8",
            "resolved": "https://registry.npmjs.org/laravel-vite-plugin/-/laravel-vite-plugin-0.7.8.tgz",
            "integrity": "sha512-HWYqpQYHR3kEQ1LsHX7gHJoNNf0bz5z5mDaHBLzS+PGLCTmYqlU5/SZyeEgObV7z7bC/cnStYcY9H1DI1D5Udg==",
            "dev": true,
            "license": "MIT",
            "dependencies": {
                "picocolors": "^1.0.0",
                "vite-plugin-full-reload": "^1.0.5"
            },
            "engines": {
                "node": ">=14"
            },
            "peerDependencies": {
                "vite": "^3.0.0 || ^4.0.0"
            }
        },
        "node_modules/laravel-vue-pagination": {
            "version": "3.0.0",
            "resolved": "https://registry.npmjs.org/laravel-vue-pagination/-/laravel-vue-pagination-3.0.0.tgz",
            "integrity": "sha512-kskpo+1Ciz1uo1VWjgnwdeBv6M6sF3Hus/VnwFvPOUSpfsR/WVaE+nCN2QOE0FBcV5e32o/Nel5397Q8pgWQQg==",
            "license": "MIT",
            "dependencies": {
                "vue": "^3.2.25"
            }
        },
        "node_modules/lodash": {
            "version": "4.17.21",
            "resolved": "https://registry.npmjs.org/lodash/-/lodash-4.17.21.tgz",
            "integrity": "sha512-v2kDEe57lecTulaDIuNTPy3Ry4gLGJ6Z1O3vE1krgXZNrsQ+LFTGHVxVjcXPs17LhbZVGedAJv8XZ1tvj5FvSg==",
            "dev": true,
            "license": "MIT"
        },
        "node_modules/magic-string": {
            "version": "0.30.1",
            "resolved": "https://registry.npmjs.org/magic-string/-/magic-string-0.30.1.tgz",
            "integrity": "sha512-mbVKXPmS0z0G4XqFDCTllmDQ6coZzn94aMlb0o/A4HEHJCKcanlDZwYJgwnkmgD3jyWhUgj9VsPrfd972yPffA==",
            "license": "MIT",
            "dependencies": {
                "@jridgewell/sourcemap-codec": "^1.4.15"
            },
            "engines": {
                "node": ">=12"
            }
        },
        "node_modules/mime-db": {
            "version": "1.52.0",
            "resolved": "https://registry.npmjs.org/mime-db/-/mime-db-1.52.0.tgz",
            "integrity": "sha512-sPU4uV7dYlvtWJxwwxHD0PuihVNiE7TyAbQ5SWxDCB9mUYvOgroQOwYQQOKPJ8CIbE+1ETVlOoK1UC2nU3gYvg==",
            "dev": true,
            "license": "MIT",
            "engines": {
                "node": ">= 0.6"
            }
        },
        "node_modules/mime-types": {
            "version": "2.1.35",
            "resolved": "https://registry.npmjs.org/mime-types/-/mime-types-2.1.35.tgz",
            "integrity": "sha512-ZDY+bPm5zTTF+YpCrAU9nK0UgICYPT0QtT1NZWFv4s++TNkcgVaT0g6+4R2uI4MjQjzysHB1zxuWL50hzaeXiw==",
            "dev": true,
            "license": "MIT",
            "dependencies": {
                "mime-db": "1.52.0"
            },
            "engines": {
                "node": ">= 0.6"
            }
        },
        "node_modules/nanoid": {
            "version": "3.3.6",
            "resolved": "https://registry.npmjs.org/nanoid/-/nanoid-3.3.6.tgz",
            "integrity": "sha512-BGcqMMJuToF7i1rt+2PWSNVnWIkGCU78jBG3RxO/bZlnZPK2Cmi2QaffxGO/2RvWi9sL+FAiRiXMgsyxQ1DIDA==",
            "funding": [
                {
                    "type": "github",
                    "url": "https://github.com/sponsors/ai"
                }
            ],
            "license": "MIT",
            "bin": {
                "nanoid": "bin/nanoid.cjs"
            },
            "engines": {
                "node": "^10 || ^12 || ^13.7 || ^14 || >=15.0.1"
            }
        },
        "node_modules/normalize-path": {
            "version": "3.0.0",
            "resolved": "https://registry.npmjs.org/normalize-path/-/normalize-path-3.0.0.tgz",
            "integrity": "sha512-6eZs5Ls3WtCisHWp9S2GUy8dqkpGi4BVSz3GaqiE6ezub0512ESztXUwUB6C6IKbQkY2Pnb/mD4WYojCRwcwLA==",
            "dev": true,
            "license": "MIT",
            "engines": {
                "node": ">=0.10.0"
            }
        },
        "node_modules/picocolors": {
            "version": "1.0.0",
            "resolved": "https://registry.npmjs.org/picocolors/-/picocolors-1.0.0.tgz",
            "integrity": "sha512-1fygroTLlHu66zi26VoTDv8yRgm0Fccecssto+MhsZ0D/DGW2sm8E8AjW7NU5VVTRt5GxbeZ5qBuJr+HyLYkjQ==",
            "license": "ISC"
        },
        "node_modules/picomatch": {
            "version": "2.3.1",
            "resolved": "https://registry.npmjs.org/picomatch/-/picomatch-2.3.1.tgz",
            "integrity": "sha512-JU3teHTNjmE2VCGFzuY8EXzCDVwEqB2a8fsIvwaStHhAWJEeVd1o1QD80CU6+ZdEXXSLbSsuLwJjkCBWqRQUVA==",
            "dev": true,
            "license": "MIT",
            "engines": {
                "node": ">=8.6"
            },
            "funding": {
                "url": "https://github.com/sponsors/jonschlinkert"
            }
        },
        "node_modules/pinia": {
            "version": "2.1.4",
            "resolved": "https://registry.npmjs.org/pinia/-/pinia-2.1.4.tgz",
            "integrity": "sha512-vYlnDu+Y/FXxv1ABo1vhjC+IbqvzUdiUC3sfDRrRyY2CQSrqqaa+iiHmqtARFxJVqWQMCJfXx1PBvFs9aJVLXQ==",
            "dependencies": {
                "@vue/devtools-api": "^6.5.0",
                "vue-demi": ">=0.14.5"
            },
            "funding": {
                "url": "https://github.com/sponsors/posva"
            },
            "peerDependencies": {
                "@vue/composition-api": "^1.4.0",
                "typescript": ">=4.4.4",
                "vue": "^2.6.14 || ^3.3.0"
            },
            "peerDependenciesMeta": {
                "@vue/composition-api": {
                    "optional": true
                },
                "typescript": {
                    "optional": true
                }
            }
        },
        "node_modules/pinia/node_modules/vue-demi": {
            "version": "0.14.5",
            "resolved": "https://registry.npmjs.org/vue-demi/-/vue-demi-0.14.5.tgz",
            "integrity": "sha512-o9NUVpl/YlsGJ7t+xuqJKx8EBGf1quRhCiT6D/J0pfwmk9zUwYkC7yrF4SZCe6fETvSM3UNL2edcbYrSyc4QHA==",
            "hasInstallScript": true,
            "bin": {
                "vue-demi-fix": "bin/vue-demi-fix.js",
                "vue-demi-switch": "bin/vue-demi-switch.js"
            },
            "engines": {
                "node": ">=12"
            },
            "funding": {
                "url": "https://github.com/sponsors/antfu"
            },
            "peerDependencies": {
                "@vue/composition-api": "^1.0.0-rc.1",
                "vue": "^3.0.0-0 || ^2.6.0"
            },
            "peerDependenciesMeta": {
                "@vue/composition-api": {
                    "optional": true
                }
            }
        },
        "node_modules/postcss": {
            "version": "8.4.25",
            "resolved": "https://registry.npmjs.org/postcss/-/postcss-8.4.25.tgz",
            "integrity": "sha512-7taJ/8t2av0Z+sQEvNzCkpDynl0tX3uJMCODi6nT3PfASC7dYCWV9aQ+uiCf+KBD4SEFcu+GvJdGdwzQ6OSjCw==",
            "funding": [
                {
                    "type": "opencollective",
                    "url": "https://opencollective.com/postcss/"
                },
                {
                    "type": "tidelift",
                    "url": "https://tidelift.com/funding/github/npm/postcss"
                },
                {
                    "type": "github",
                    "url": "https://github.com/sponsors/ai"
                }
            ],
            "license": "MIT",
            "dependencies": {
                "nanoid": "^3.3.6",
                "picocolors": "^1.0.0",
                "source-map-js": "^1.0.2"
            },
            "engines": {
                "node": "^10 || ^12 || >=14"
            }
        },
        "node_modules/proxy-from-env": {
            "version": "1.1.0",
            "resolved": "https://registry.npmjs.org/proxy-from-env/-/proxy-from-env-1.1.0.tgz",
            "integrity": "sha512-D+zkORCbA9f1tdWRK0RaCR3GPv50cMxcrz4X8k5LTSUD1Dkw47mKJEZQNunItRTkWwgtaUSo1RVFRIG9ZXiFYg==",
            "dev": true,
            "license": "MIT"
        },
        "node_modules/readdirp": {
            "version": "3.6.0",
            "resolved": "https://registry.npmjs.org/readdirp/-/readdirp-3.6.0.tgz",
            "integrity": "sha512-hOS089on8RduqdbhvQ5Z37A0ESjsqz6qnRcffsMU3495FuTdqSm+7bhJ29JvIOsBDEEnan5DPu9t3To9VRlMzA==",
            "dev": true,
            "license": "MIT",
            "dependencies": {
                "picomatch": "^2.2.1"
            },
            "engines": {
                "node": ">=8.10.0"
            }
        },
        "node_modules/rollup": {
            "version": "3.26.2",
            "resolved": "https://registry.npmjs.org/rollup/-/rollup-3.26.2.tgz",
            "integrity": "sha512-6umBIGVz93er97pMgQO08LuH3m6PUb3jlDUUGFsNJB6VgTCUaDFpupf5JfU30529m/UKOgmiX+uY6Sx8cOYpLA==",
            "dev": true,
            "license": "MIT",
            "bin": {
                "rollup": "dist/bin/rollup"
            },
            "engines": {
                "node": ">=14.18.0",
                "npm": ">=8.0.0"
            },
            "optionalDependencies": {
                "fsevents": "~2.3.2"
            }
        },
        "node_modules/sass": {
            "version": "1.63.6",
            "resolved": "https://registry.npmjs.org/sass/-/sass-1.63.6.tgz",
            "integrity": "sha512-MJuxGMHzaOW7ipp+1KdELtqKbfAWbH7OLIdoSMnVe3EXPMTmxTmlaZDCTsgIpPCs3w99lLo9/zDKkOrJuT5byw==",
            "dev": true,
            "license": "MIT",
            "dependencies": {
                "chokidar": ">=3.0.0 <4.0.0",
                "immutable": "^4.0.0",
                "source-map-js": ">=0.6.2 <2.0.0"
            },
            "bin": {
                "sass": "sass.js"
            },
            "engines": {
                "node": ">=14.0.0"
            }
        },
        "node_modules/shvl": {
            "version": "2.0.3",
            "resolved": "https://registry.npmjs.org/shvl/-/shvl-2.0.3.tgz",
            "integrity": "sha512-V7C6S9Hlol6SzOJPnQ7qzOVEWUQImt3BNmmzh40wObhla3XOYMe4gGiYzLrJd5TFa+cI2f9LKIRJTTKZSTbWgw==",
            "license": "MIT"
        },
        "node_modules/source-map": {
            "version": "0.6.1",
            "resolved": "https://registry.npmjs.org/source-map/-/source-map-0.6.1.tgz",
            "integrity": "sha512-UjgapumWlbMhkBgzT7Ykc5YXUT46F0iKu8SGXq0bcwP5dz/h0Plj6enJqjz1Zbq2l5WaqYnrVbwWOWMyF3F47g==",
            "license": "BSD-3-Clause",
            "engines": {
                "node": ">=0.10.0"
            }
        },
        "node_modules/source-map-js": {
            "version": "1.0.2",
            "resolved": "https://registry.npmjs.org/source-map-js/-/source-map-js-1.0.2.tgz",
            "integrity": "sha512-R0XvVJ9WusLiqTCEiGCmICCMplcCkIwwR11mOSD9CR5u+IXYdiseeEuXCVAjS54zqwkLcPNnmU4OeJ6tUrWhDw==",
            "license": "BSD-3-Clause",
            "engines": {
                "node": ">=0.10.0"
            }
        },
        "node_modules/sweetalert2": {
            "version": "11.7.12",
            "resolved": "https://registry.npmjs.org/sweetalert2/-/sweetalert2-11.7.12.tgz",
            "integrity": "sha512-TQJy8mQymJLzqWPQOMQErd81Zd/rSYr0UL4pEc7bqEihtjS+zt7LWJXLhfPp93e+Hf3Z2FHMB6QGNskAMCsdTg==",
            "license": "MIT",
            "funding": {
                "type": "individual",
                "url": "https://github.com/sponsors/limonte"
            }
        },
        "node_modules/to-regex-range": {
            "version": "5.0.1",
            "resolved": "https://registry.npmjs.org/to-regex-range/-/to-regex-range-5.0.1.tgz",
            "integrity": "sha512-65P7iz6X5yEr1cwcgvQxbbIw7Uk3gOy5dIdtZ4rDveLqhrdJP+Li/Hx6tyK0NEb+2GCyneCMJiGqrADCSNk8sQ==",
            "dev": true,
            "license": "MIT",
            "dependencies": {
                "is-number": "^7.0.0"
            },
            "engines": {
                "node": ">=8.0"
            }
        },
        "node_modules/type-fest": {
            "version": "3.12.0",
            "resolved": "https://registry.npmjs.org/type-fest/-/type-fest-3.12.0.tgz",
            "integrity": "sha512-qj9wWsnFvVEMUDbESiilKeXeHL7FwwiFcogfhfyjmvT968RXSvnl23f1JOClTHYItsi7o501C/7qVllscUP3oA==",
            "license": "(MIT OR CC0-1.0)",
            "engines": {
                "node": ">=14.16"
            },
            "funding": {
                "url": "https://github.com/sponsors/sindresorhus"
            }
        },
        "node_modules/vee-validate": {
            "version": "4.10.5",
            "resolved": "https://registry.npmjs.org/vee-validate/-/vee-validate-4.10.5.tgz",
            "integrity": "sha512-5pbMWniCjfuWdeAAhe+rHm2OQ34KLuoEu+Q2jDxG2qbEl1EnqadL/RaYJviS/qnvWi9oULwX/rv09jwd4DuuKQ==",
            "license": "MIT",
            "dependencies": {
                "@vue/devtools-api": "^6.5.0",
                "type-fest": "^3.12.0"
            },
            "peerDependencies": {
                "vue": "^3.3.4"
            }
        },
        "node_modules/vite": {
            "version": "4.4.2",
            "resolved": "https://registry.npmjs.org/vite/-/vite-4.4.2.tgz",
            "integrity": "sha512-zUcsJN+UvdSyHhYa277UHhiJ3iq4hUBwHavOpsNUGsTgjBeoBlK8eDt+iT09pBq0h9/knhG/SPrZiM7cGmg7NA==",
            "dev": true,
            "license": "MIT",
            "dependencies": {
                "esbuild": "^0.18.10",
                "postcss": "^8.4.24",
                "rollup": "^3.25.2"
            },
            "bin": {
                "vite": "bin/vite.js"
            },
            "engines": {
                "node": "^14.18.0 || >=16.0.0"
            },
            "funding": {
                "url": "https://github.com/vitejs/vite?sponsor=1"
            },
            "optionalDependencies": {
                "fsevents": "~2.3.2"
            },
            "peerDependencies": {
                "@types/node": ">= 14",
                "less": "*",
                "lightningcss": "^1.21.0",
                "sass": "*",
                "stylus": "*",
                "sugarss": "*",
                "terser": "^5.4.0"
            },
            "peerDependenciesMeta": {
                "@types/node": {
                    "optional": true
                },
                "less": {
                    "optional": true
                },
                "lightningcss": {
                    "optional": true
                },
                "sass": {
                    "optional": true
                },
                "stylus": {
                    "optional": true
                },
                "sugarss": {
                    "optional": true
                },
                "terser": {
                    "optional": true
                }
            }
        },
        "node_modules/vite-plugin-full-reload": {
            "version": "1.0.5",
            "resolved": "https://registry.npmjs.org/vite-plugin-full-reload/-/vite-plugin-full-reload-1.0.5.tgz",
            "integrity": "sha512-kVZFDFWr0DxiHn6MuDVTQf7gnWIdETGlZh0hvTiMXzRN80vgF4PKbONSq8U1d0WtHsKaFODTQgJeakLacoPZEQ==",
            "dev": true,
            "license": "MIT",
            "dependencies": {
                "picocolors": "^1.0.0",
                "picomatch": "^2.3.1"
            },
            "peerDependencies": {
                "vite": "^2 || ^3 || ^4"
            }
        },
        "node_modules/vue": {
            "version": "3.3.4",
            "resolved": "https://registry.npmjs.org/vue/-/vue-3.3.4.tgz",
            "integrity": "sha512-VTyEYn3yvIeY1Py0WaYGZsXnz3y5UnGi62GjVEqvEGPl6nxbOrCXbVOTQWBEJUqAyTUk2uJ5JLVnYJ6ZzGbrSw==",
            "license": "MIT",
            "dependencies": {
                "@vue/compiler-dom": "3.3.4",
                "@vue/compiler-sfc": "3.3.4",
                "@vue/runtime-dom": "3.3.4",
                "@vue/server-renderer": "3.3.4",
                "@vue/shared": "3.3.4"
            }
        },
        "node_modules/vue-i18n": {
            "version": "9.2.2",
            "resolved": "https://registry.npmjs.org/vue-i18n/-/vue-i18n-9.2.2.tgz",
            "integrity": "sha512-yswpwtj89rTBhegUAv9Mu37LNznyu3NpyLQmozF3i1hYOhwpG8RjcjIFIIfnu+2MDZJGSZPXaKWvnQA71Yv9TQ==",
            "license": "MIT",
            "dependencies": {
                "@intlify/core-base": "9.2.2",
                "@intlify/shared": "9.2.2",
                "@intlify/vue-devtools": "9.2.2",
                "@vue/devtools-api": "^6.2.1"
            },
            "engines": {
                "node": ">= 14"
            },
            "peerDependencies": {
                "vue": "^3.0.0"
            }
        },
        "node_modules/vue-router": {
            "version": "4.2.4",
            "resolved": "https://registry.npmjs.org/vue-router/-/vue-router-4.2.4.tgz",
            "integrity": "sha512-9PISkmaCO02OzPVOMq2w82ilty6+xJmQrarYZDkjZBfl4RvYAlt4PKnEX21oW4KTtWfa9OuO/b3qk1Od3AEdCQ==",
            "license": "MIT",
            "dependencies": {
                "@vue/devtools-api": "^6.5.0"
            },
            "funding": {
                "url": "https://github.com/sponsors/posva"
            },
            "peerDependencies": {
                "vue": "^3.2.0"
            }
        },
        "node_modules/vue-select": {
            "version": "4.0.0-beta.6",
            "resolved": "https://registry.npmjs.org/vue-select/-/vue-select-4.0.0-beta.6.tgz",
            "integrity": "sha512-K+zrNBSpwMPhAxYLTCl56gaMrWZGgayoWCLqe5rWwkB8aUbAUh7u6sXjIR7v4ckp2WKC7zEEUY27g6h1MRsIHw==",
            "license": "MIT",
            "peerDependencies": {
                "vue": "3.x"
            }
        },
        "node_modules/vue-sweetalert2": {
            "version": "5.0.5",
            "resolved": "https://registry.npmjs.org/vue-sweetalert2/-/vue-sweetalert2-5.0.5.tgz",
            "integrity": "sha512-Q7+TjQxNwGruT2jfPaSKMz18HHWs81r4umEwlrrtOf/QL5Iwl1T+tUaNkcvKB7Rf9rYftubt7NnOMjfDMnDH3A==",
            "license": "MIT",
            "dependencies": {
                "sweetalert2": "11.x"
            },
            "peerDependencies": {
                "vue": "*"
            }
        },
        "node_modules/vue-toast-notification": {
            "version": "3.1.1",
            "resolved": "https://registry.npmjs.org/vue-toast-notification/-/vue-toast-notification-3.1.1.tgz",
            "integrity": "sha512-DXEE38NxXFCNinKI+MyZBMWsaqE9Lwxg9GkMVkzKXY1ACCeNztBXuUiSvKMe36dnnYd1qnlP+cWNSvHlkt5xNA==",
            "engines": {
                "node": ">=12.15.0"
            },
            "peerDependencies": {
                "vue": "^3.0"
            }
        },
        "node_modules/vuex": {
            "version": "4.1.0",
            "resolved": "https://registry.npmjs.org/vuex/-/vuex-4.1.0.tgz",
            "integrity": "sha512-hmV6UerDrPcgbSy9ORAtNXDr9M4wlNP4pEFKye4ujJF8oqgFFuxDCdOLS3eNoRTtq5O3hoBDh9Doj1bQMYHRbQ==",
            "license": "MIT",
            "dependencies": {
                "@vue/devtools-api": "^6.0.0-beta.11"
            },
            "peerDependencies": {
                "vue": "^3.2.0"
            }
        },
        "node_modules/vuex-persistedstate": {
            "version": "4.1.0",
            "resolved": "https://registry.npmjs.org/vuex-persistedstate/-/vuex-persistedstate-4.1.0.tgz",
            "integrity": "sha512-3SkEj4NqwM69ikJdFVw6gObeB0NHyspRYMYkR/EbhR0hbvAKyR5gksVhtAfY1UYuWUOCCA0QNGwv9pOwdj+XUQ==",
            "license": "MIT",
            "dependencies": {
                "deepmerge": "^4.2.2",
                "shvl": "^2.0.3"
            },
            "peerDependencies": {
                "vuex": "^3.0 || ^4.0.0-rc"
            }
        }
    }
}
